// !$*UTF8*$!
{
	archiveVersion = 1;
	classes = {
	};
	objectVersion = 55;
	objects = {

/* Begin PBXBuildFile section */
		AB28C78228F1F12A00CC0E2F /* SwiftUI_TutorialsApp.swift in Sources */ = {isa = PBXBuildFile; fileRef = AB28C78128F1F12A00CC0E2F /* SwiftUI_TutorialsApp.swift */; };
		AB28C78428F1F12A00CC0E2F /* ContentView.swift in Sources */ = {isa = PBXBuildFile; fileRef = AB28C78328F1F12A00CC0E2F /* ContentView.swift */; };
		AB28C78628F1F12F00CC0E2F /* Assets.xcassets in Resources */ = {isa = PBXBuildFile; fileRef = AB28C78528F1F12F00CC0E2F /* Assets.xcassets */; };
		AB28C78928F1F12F00CC0E2F /* Preview Assets.xcassets in Resources */ = {isa = PBXBuildFile; fileRef = AB28C78828F1F12F00CC0E2F /* Preview Assets.xcassets */; };
		AB28C79328F1F13000CC0E2F /* SwiftUI_TutorialsTests.swift in Sources */ = {isa = PBXBuildFile; fileRef = AB28C79228F1F13000CC0E2F /* SwiftUI_TutorialsTests.swift */; };
		AB28C79D28F1F13000CC0E2F /* SwiftUI_TutorialsUITests.swift in Sources */ = {isa = PBXBuildFile; fileRef = AB28C79C28F1F13000CC0E2F /* SwiftUI_TutorialsUITests.swift */; };
		AB28C79F28F1F13000CC0E2F /* SwiftUI_TutorialsUITestsLaunchTests.swift in Sources */ = {isa = PBXBuildFile; fileRef = AB28C79E28F1F13000CC0E2F /* SwiftUI_TutorialsUITestsLaunchTests.swift */; };
		AB28C7AC28F1F3A300CC0E2F /* CircleImage.swift in Sources */ = {isa = PBXBuildFile; fileRef = AB28C7AB28F1F3A300CC0E2F /* CircleImage.swift */; };
		AB28C7AE28F1F6CF00CC0E2F /* MapView.swift in Sources */ = {isa = PBXBuildFile; fileRef = AB28C7AD28F1F6CF00CC0E2F /* MapView.swift */; };
		AB28C84B28F2BEDA00CC0E2F /* landmarkData.json in Resources */ = {isa = PBXBuildFile; fileRef = AB28C84A28F2BEDA00CC0E2F /* landmarkData.json */; };
		AB28C84D28F2BF0000CC0E2F /* Landmark.swift in Sources */ = {isa = PBXBuildFile; fileRef = AB28C84C28F2BF0000CC0E2F /* Landmark.swift */; };
		AB28C84F28F2C7D900CC0E2F /* ModelData.swift in Sources */ = {isa = PBXBuildFile; fileRef = AB28C84E28F2C7D900CC0E2F /* ModelData.swift */; };
		AB28C85128F2C97600CC0E2F /* LandmarkRow.swift in Sources */ = {isa = PBXBuildFile; fileRef = AB28C85028F2C97600CC0E2F /* LandmarkRow.swift */; };
		AB28C85328F2CC6500CC0E2F /* LandmarkList.swift in Sources */ = {isa = PBXBuildFile; fileRef = AB28C85228F2CC6500CC0E2F /* LandmarkList.swift */; };
		AB28C85528F2D13200CC0E2F /* LandmarkDetail.swift in Sources */ = {isa = PBXBuildFile; fileRef = AB28C85428F2D13200CC0E2F /* LandmarkDetail.swift */; };
		AB28C85728F2E38500CC0E2F /* FavoriteButton.swift in Sources */ = {isa = PBXBuildFile; fileRef = AB28C85628F2E38500CC0E2F /* FavoriteButton.swift */; };
		AB28C85C28F2E9C700CC0E2F /* HexagonParameters.swift in Sources */ = {isa = PBXBuildFile; fileRef = AB28C85B28F2E9C700CC0E2F /* HexagonParameters.swift */; };
		AB28C85E28F2EA2500CC0E2F /* BadgeBackground.swift in Sources */ = {isa = PBXBuildFile; fileRef = AB28C85D28F2EA2500CC0E2F /* BadgeBackground.swift */; };
		AB28C86228F32CBC00CC0E2F /* BadgeSymbol.swift in Sources */ = {isa = PBXBuildFile; fileRef = AB28C86128F32CBC00CC0E2F /* BadgeSymbol.swift */; };
		AB28C86428F32D4400CC0E2F /* RotatedBadgeSymbol.swift in Sources */ = {isa = PBXBuildFile; fileRef = AB28C86328F32D4400CC0E2F /* RotatedBadgeSymbol.swift */; };
		AB28C86628F32DA800CC0E2F /* Badge.swift in Sources */ = {isa = PBXBuildFile; fileRef = AB28C86528F32DA800CC0E2F /* Badge.swift */; };
		ABB8C20428F57A34001C8C95 /* CategoryItem.swift in Sources */ = {isa = PBXBuildFile; fileRef = ABB8C20128F57A34001C8C95 /* CategoryItem.swift */; };
		ABB8C20528F57A34001C8C95 /* CategoryHome.swift in Sources */ = {isa = PBXBuildFile; fileRef = ABB8C20228F57A34001C8C95 /* CategoryHome.swift */; };
		ABB8C20628F57A34001C8C95 /* CategoryRow.swift in Sources */ = {isa = PBXBuildFile; fileRef = ABB8C20328F57A34001C8C95 /* CategoryRow.swift */; };
		ABE360D828F4136C00BF3CDF /* hikeData.json in Resources */ = {isa = PBXBuildFile; fileRef = ABE360D728F4136C00BF3CDF /* hikeData.json */; };
		ABE360DA28F4138F00BF3CDF /* Hike.swift in Sources */ = {isa = PBXBuildFile; fileRef = ABE360D928F4138F00BF3CDF /* Hike.swift */; };
		ABE360E028F4151500BF3CDF /* GraphCapsule.swift in Sources */ = {isa = PBXBuildFile; fileRef = ABE360DC28F4151500BF3CDF /* GraphCapsule.swift */; };
		ABE360E128F4151500BF3CDF /* HikeGraph.swift in Sources */ = {isa = PBXBuildFile; fileRef = ABE360DD28F4151500BF3CDF /* HikeGraph.swift */; };
		ABE360E228F4151500BF3CDF /* HikeDetail.swift in Sources */ = {isa = PBXBuildFile; fileRef = ABE360DE28F4151500BF3CDF /* HikeDetail.swift */; };
		ABE360E328F4151500BF3CDF /* HikeView.swift in Sources */ = {isa = PBXBuildFile; fileRef = ABE360DF28F4151500BF3CDF /* HikeView.swift */; };
		ABE360EC28F42F5800BF3CDF /* Profile.swift in Sources */ = {isa = PBXBuildFile; fileRef = ABE360EB28F42F5700BF3CDF /* Profile.swift */; };
		ABE360EF28F42FA400BF3CDF /* ProfileHost.swift in Sources */ = {isa = PBXBuildFile; fileRef = ABE360EE28F42FA400BF3CDF /* ProfileHost.swift */; };
		ABE360F128F42FF300BF3CDF /* ProfileSummary.swift in Sources */ = {isa = PBXBuildFile; fileRef = ABE360F028F42FF300BF3CDF /* ProfileSummary.swift */; };
		ABE360F328F4314700BF3CDF /* HikeBadge.swift in Sources */ = {isa = PBXBuildFile; fileRef = ABE360F228F4314700BF3CDF /* HikeBadge.swift */; };
		ABE360F528F434F500BF3CDF /* ProfileEditor.swift in Sources */ = {isa = PBXBuildFile; fileRef = ABE360F428F434F500BF3CDF /* ProfileEditor.swift */; };
		ABE360FA28F4448E00BF3CDF /* PageViewController.swift in Sources */ = {isa = PBXBuildFile; fileRef = ABE360F928F4448E00BF3CDF /* PageViewController.swift */; };
		ABE360FC28F4465E00BF3CDF /* FeatureCard.swift in Sources */ = {isa = PBXBuildFile; fileRef = ABE360FB28F4465E00BF3CDF /* FeatureCard.swift */; };
		ABE360FE28F4475500BF3CDF /* PageView.swift in Sources */ = {isa = PBXBuildFile; fileRef = ABE360FD28F4475500BF3CDF /* PageView.swift */; };
		ABE3610028F447F100BF3CDF /* PageControl.swift in Sources */ = {isa = PBXBuildFile; fileRef = ABE360FF28F447F100BF3CDF /* PageControl.swift */; };
/* End PBXBuildFile section */

/* Begin PBXContainerItemProxy section */
		AB28C78F28F1F13000CC0E2F /* PBXContainerItemProxy */ = {
			isa = PBXContainerItemProxy;
			containerPortal = AB28C77628F1F12900CC0E2F /* Project object */;
			proxyType = 1;
			remoteGlobalIDString = AB28C77D28F1F12900CC0E2F;
			remoteInfo = SwiftUI_Tutorials;
		};
		AB28C79928F1F13000CC0E2F /* PBXContainerItemProxy */ = {
			isa = PBXContainerItemProxy;
			containerPortal = AB28C77628F1F12900CC0E2F /* Project object */;
			proxyType = 1;
			remoteGlobalIDString = AB28C77D28F1F12900CC0E2F;
			remoteInfo = SwiftUI_Tutorials;
		};
/* End PBXContainerItemProxy section */

/* Begin PBXFileReference section */
		AB28C77E28F1F12A00CC0E2F /* SwiftUI_Tutorials.app */ = {isa = PBXFileReference; explicitFileType = wrapper.application; includeInIndex = 0; path = SwiftUI_Tutorials.app; sourceTree = BUILT_PRODUCTS_DIR; };
		AB28C78128F1F12A00CC0E2F /* SwiftUI_TutorialsApp.swift */ = {isa = PBXFileReference; lastKnownFileType = sourcecode.swift; path = SwiftUI_TutorialsApp.swift; sourceTree = "<group>"; };
		AB28C78328F1F12A00CC0E2F /* ContentView.swift */ = {isa = PBXFileReference; lastKnownFileType = sourcecode.swift; path = ContentView.swift; sourceTree = "<group>"; };
		AB28C78528F1F12F00CC0E2F /* Assets.xcassets */ = {isa = PBXFileReference; lastKnownFileType = folder.assetcatalog; path = Assets.xcassets; sourceTree = "<group>"; };
		AB28C78828F1F12F00CC0E2F /* Preview Assets.xcassets */ = {isa = PBXFileReference; lastKnownFileType = folder.assetcatalog; path = "Preview Assets.xcassets"; sourceTree = "<group>"; };
		AB28C78E28F1F13000CC0E2F /* SwiftUI_TutorialsTests.xctest */ = {isa = PBXFileReference; explicitFileType = wrapper.cfbundle; includeInIndex = 0; path = SwiftUI_TutorialsTests.xctest; sourceTree = BUILT_PRODUCTS_DIR; };
		AB28C79228F1F13000CC0E2F /* SwiftUI_TutorialsTests.swift */ = {isa = PBXFileReference; lastKnownFileType = sourcecode.swift; path = SwiftUI_TutorialsTests.swift; sourceTree = "<group>"; };
		AB28C79828F1F13000CC0E2F /* SwiftUI_TutorialsUITests.xctest */ = {isa = PBXFileReference; explicitFileType = wrapper.cfbundle; includeInIndex = 0; path = SwiftUI_TutorialsUITests.xctest; sourceTree = BUILT_PRODUCTS_DIR; };
		AB28C79C28F1F13000CC0E2F /* SwiftUI_TutorialsUITests.swift */ = {isa = PBXFileReference; lastKnownFileType = sourcecode.swift; path = SwiftUI_TutorialsUITests.swift; sourceTree = "<group>"; };
		AB28C79E28F1F13000CC0E2F /* SwiftUI_TutorialsUITestsLaunchTests.swift */ = {isa = PBXFileReference; lastKnownFileType = sourcecode.swift; path = SwiftUI_TutorialsUITestsLaunchTests.swift; sourceTree = "<group>"; };
		AB28C7AB28F1F3A300CC0E2F /* CircleImage.swift */ = {isa = PBXFileReference; lastKnownFileType = sourcecode.swift; path = CircleImage.swift; sourceTree = "<group>"; };
		AB28C7AD28F1F6CF00CC0E2F /* MapView.swift */ = {isa = PBXFileReference; lastKnownFileType = sourcecode.swift; path = MapView.swift; sourceTree = "<group>"; };
		AB28C84A28F2BEDA00CC0E2F /* landmarkData.json */ = {isa = PBXFileReference; fileEncoding = 4; lastKnownFileType = text.json; path = landmarkData.json; sourceTree = "<group>"; };
		AB28C84C28F2BF0000CC0E2F /* Landmark.swift */ = {isa = PBXFileReference; lastKnownFileType = sourcecode.swift; path = Landmark.swift; sourceTree = "<group>"; };
		AB28C84E28F2C7D900CC0E2F /* ModelData.swift */ = {isa = PBXFileReference; lastKnownFileType = sourcecode.swift; path = ModelData.swift; sourceTree = "<group>"; };
		AB28C85028F2C97600CC0E2F /* LandmarkRow.swift */ = {isa = PBXFileReference; lastKnownFileType = sourcecode.swift; path = LandmarkRow.swift; sourceTree = "<group>"; };
		AB28C85228F2CC6500CC0E2F /* LandmarkList.swift */ = {isa = PBXFileReference; lastKnownFileType = sourcecode.swift; path = LandmarkList.swift; sourceTree = "<group>"; };
		AB28C85428F2D13200CC0E2F /* LandmarkDetail.swift */ = {isa = PBXFileReference; lastKnownFileType = sourcecode.swift; path = LandmarkDetail.swift; sourceTree = "<group>"; };
		AB28C85628F2E38500CC0E2F /* FavoriteButton.swift */ = {isa = PBXFileReference; lastKnownFileType = sourcecode.swift; path = FavoriteButton.swift; sourceTree = "<group>"; };
		AB28C85B28F2E9C700CC0E2F /* HexagonParameters.swift */ = {isa = PBXFileReference; lastKnownFileType = sourcecode.swift; path = HexagonParameters.swift; sourceTree = "<group>"; };
		AB28C85D28F2EA2500CC0E2F /* BadgeBackground.swift */ = {isa = PBXFileReference; lastKnownFileType = sourcecode.swift; path = BadgeBackground.swift; sourceTree = "<group>"; };
		AB28C86128F32CBC00CC0E2F /* BadgeSymbol.swift */ = {isa = PBXFileReference; lastKnownFileType = sourcecode.swift; path = BadgeSymbol.swift; sourceTree = "<group>"; };
		AB28C86328F32D4400CC0E2F /* RotatedBadgeSymbol.swift */ = {isa = PBXFileReference; lastKnownFileType = sourcecode.swift; path = RotatedBadgeSymbol.swift; sourceTree = "<group>"; };
		AB28C86528F32DA800CC0E2F /* Badge.swift */ = {isa = PBXFileReference; lastKnownFileType = sourcecode.swift; path = Badge.swift; sourceTree = "<group>"; };
		ABB8C20128F57A34001C8C95 /* CategoryItem.swift */ = {isa = PBXFileReference; fileEncoding = 4; lastKnownFileType = sourcecode.swift; path = CategoryItem.swift; sourceTree = "<group>"; };
		ABB8C20228F57A34001C8C95 /* CategoryHome.swift */ = {isa = PBXFileReference; fileEncoding = 4; lastKnownFileType = sourcecode.swift; path = CategoryHome.swift; sourceTree = "<group>"; };
		ABB8C20328F57A34001C8C95 /* CategoryRow.swift */ = {isa = PBXFileReference; fileEncoding = 4; lastKnownFileType = sourcecode.swift; path = CategoryRow.swift; sourceTree = "<group>"; };
		ABE360D728F4136C00BF3CDF /* hikeData.json */ = {isa = PBXFileReference; fileEncoding = 4; lastKnownFileType = text.json; path = hikeData.json; sourceTree = "<group>"; };
		ABE360D928F4138F00BF3CDF /* Hike.swift */ = {isa = PBXFileReference; lastKnownFileType = sourcecode.swift; path = Hike.swift; sourceTree = "<group>"; };
		ABE360DC28F4151500BF3CDF /* GraphCapsule.swift */ = {isa = PBXFileReference; fileEncoding = 4; lastKnownFileType = sourcecode.swift; path = GraphCapsule.swift; sourceTree = "<group>"; };
		ABE360DD28F4151500BF3CDF /* HikeGraph.swift */ = {isa = PBXFileReference; fileEncoding = 4; lastKnownFileType = sourcecode.swift; path = HikeGraph.swift; sourceTree = "<group>"; };
		ABE360DE28F4151500BF3CDF /* HikeDetail.swift */ = {isa = PBXFileReference; fileEncoding = 4; lastKnownFileType = sourcecode.swift; path = HikeDetail.swift; sourceTree = "<group>"; };
		ABE360DF28F4151500BF3CDF /* HikeView.swift */ = {isa = PBXFileReference; fileEncoding = 4; lastKnownFileType = sourcecode.swift; path = HikeView.swift; sourceTree = "<group>"; };
		ABE360EB28F42F5700BF3CDF /* Profile.swift */ = {isa = PBXFileReference; lastKnownFileType = sourcecode.swift; path = Profile.swift; sourceTree = "<group>"; };
		ABE360EE28F42FA400BF3CDF /* ProfileHost.swift */ = {isa = PBXFileReference; lastKnownFileType = sourcecode.swift; path = ProfileHost.swift; sourceTree = "<group>"; };
		ABE360F028F42FF300BF3CDF /* ProfileSummary.swift */ = {isa = PBXFileReference; lastKnownFileType = sourcecode.swift; path = ProfileSummary.swift; sourceTree = "<group>"; };
		ABE360F228F4314700BF3CDF /* HikeBadge.swift */ = {isa = PBXFileReference; lastKnownFileType = sourcecode.swift; path = HikeBadge.swift; sourceTree = "<group>"; };
		ABE360F428F434F500BF3CDF /* ProfileEditor.swift */ = {isa = PBXFileReference; lastKnownFileType = sourcecode.swift; path = ProfileEditor.swift; sourceTree = "<group>"; };
		ABE360F928F4448E00BF3CDF /* PageViewController.swift */ = {isa = PBXFileReference; lastKnownFileType = sourcecode.swift; path = PageViewController.swift; sourceTree = "<group>"; };
		ABE360FB28F4465E00BF3CDF /* FeatureCard.swift */ = {isa = PBXFileReference; lastKnownFileType = sourcecode.swift; path = FeatureCard.swift; sourceTree = "<group>"; };
		ABE360FD28F4475500BF3CDF /* PageView.swift */ = {isa = PBXFileReference; lastKnownFileType = sourcecode.swift; path = PageView.swift; sourceTree = "<group>"; };
		ABE360FF28F447F100BF3CDF /* PageControl.swift */ = {isa = PBXFileReference; lastKnownFileType = sourcecode.swift; path = PageControl.swift; sourceTree = "<group>"; };
/* End PBXFileReference section */

/* Begin PBXFrameworksBuildPhase section */
		AB28C77B28F1F12900CC0E2F /* Frameworks */ = {
			isa = PBXFrameworksBuildPhase;
			buildActionMask = 2147483647;
			files = (
			);
			runOnlyForDeploymentPostprocessing = 0;
		};
		AB28C78B28F1F13000CC0E2F /* Frameworks */ = {
			isa = PBXFrameworksBuildPhase;
			buildActionMask = 2147483647;
			files = (
			);
			runOnlyForDeploymentPostprocessing = 0;
		};
		AB28C79528F1F13000CC0E2F /* Frameworks */ = {
			isa = PBXFrameworksBuildPhase;
			buildActionMask = 2147483647;
			files = (
			);
			runOnlyForDeploymentPostprocessing = 0;
		};
/* End PBXFrameworksBuildPhase section */

/* Begin PBXGroup section */
		AB28C77528F1F12900CC0E2F = {
			isa = PBXGroup;
			children = (
				AB28C78028F1F12A00CC0E2F /* SwiftUI_Tutorials */,
				AB28C79128F1F13000CC0E2F /* SwiftUI_TutorialsTests */,
				AB28C79B28F1F13000CC0E2F /* SwiftUI_TutorialsUITests */,
				AB28C77F28F1F12A00CC0E2F /* Products */,
			);
			sourceTree = "<group>";
		};
		AB28C77F28F1F12A00CC0E2F /* Products */ = {
			isa = PBXGroup;
			children = (
				AB28C77E28F1F12A00CC0E2F /* SwiftUI_Tutorials.app */,
				AB28C78E28F1F13000CC0E2F /* SwiftUI_TutorialsTests.xctest */,
				AB28C79828F1F13000CC0E2F /* SwiftUI_TutorialsUITests.xctest */,
			);
			name = Products;
			sourceTree = "<group>";
		};
		AB28C78028F1F12A00CC0E2F /* SwiftUI_Tutorials */ = {
			isa = PBXGroup;
			children = (
				AB28C78128F1F12A00CC0E2F /* SwiftUI_TutorialsApp.swift */,
				AB28C84728F2BE8900CC0E2F /* Views */,
				AB28C84928F2BE9D00CC0E2F /* Model */,
				AB28C84828F2BE9A00CC0E2F /* Resources */,
				AB28C78528F1F12F00CC0E2F /* Assets.xcassets */,
				AB28C78728F1F12F00CC0E2F /* Preview Content */,
			);
			path = SwiftUI_Tutorials;
			sourceTree = "<group>";
		};
		AB28C78728F1F12F00CC0E2F /* Preview Content */ = {
			isa = PBXGroup;
			children = (
				AB28C78828F1F12F00CC0E2F /* Preview Assets.xcassets */,
			);
			path = "Preview Content";
			sourceTree = "<group>";
		};
		AB28C79128F1F13000CC0E2F /* SwiftUI_TutorialsTests */ = {
			isa = PBXGroup;
			children = (
				AB28C79228F1F13000CC0E2F /* SwiftUI_TutorialsTests.swift */,
			);
			path = SwiftUI_TutorialsTests;
			sourceTree = "<group>";
		};
		AB28C79B28F1F13000CC0E2F /* SwiftUI_TutorialsUITests */ = {
			isa = PBXGroup;
			children = (
				AB28C79C28F1F13000CC0E2F /* SwiftUI_TutorialsUITests.swift */,
				AB28C79E28F1F13000CC0E2F /* SwiftUI_TutorialsUITestsLaunchTests.swift */,
			);
			path = SwiftUI_TutorialsUITests;
			sourceTree = "<group>";
		};
		AB28C84728F2BE8900CC0E2F /* Views */ = {
			isa = PBXGroup;
			children = (
				AB28C78328F1F12A00CC0E2F /* ContentView.swift */,
				AB28C85828F2E53900CC0E2F /* Landmarks */,
				ABB8C20028F57A34001C8C95 /* Categories */,
				ABE360F628F443EA00BF3CDF /* PageViews */,
				ABE360ED28F42F8800BF3CDF /* Profiles */,
				AB28C85A28F2E9AB00CC0E2F /* Badges */,
				ABE360DB28F4151500BF3CDF /* Hikes */,
				AB28C85928F2E54600CC0E2F /* Helpers */,
			);
			path = Views;
			sourceTree = "<group>";
		};
		AB28C84828F2BE9A00CC0E2F /* Resources */ = {
			isa = PBXGroup;
			children = (
				ABE360D728F4136C00BF3CDF /* hikeData.json */,
				AB28C84A28F2BEDA00CC0E2F /* landmarkData.json */,
			);
			path = Resources;
			sourceTree = "<group>";
		};
		AB28C84928F2BE9D00CC0E2F /* Model */ = {
			isa = PBXGroup;
			children = (
				AB28C84C28F2BF0000CC0E2F /* Landmark.swift */,
				AB28C84E28F2C7D900CC0E2F /* ModelData.swift */,
				ABE360D928F4138F00BF3CDF /* Hike.swift */,
				ABE360EB28F42F5700BF3CDF /* Profile.swift */,
			);
			path = Model;
			sourceTree = "<group>";
		};
		AB28C85828F2E53900CC0E2F /* Landmarks */ = {
			isa = PBXGroup;
			children = (
				AB28C85428F2D13200CC0E2F /* LandmarkDetail.swift */,
				AB28C85228F2CC6500CC0E2F /* LandmarkList.swift */,
				AB28C85028F2C97600CC0E2F /* LandmarkRow.swift */,
			);
			path = Landmarks;
			sourceTree = "<group>";
		};
		AB28C85928F2E54600CC0E2F /* Helpers */ = {
			isa = PBXGroup;
			children = (
				AB28C7AB28F1F3A300CC0E2F /* CircleImage.swift */,
				AB28C85628F2E38500CC0E2F /* FavoriteButton.swift */,
				AB28C7AD28F1F6CF00CC0E2F /* MapView.swift */,
			);
			path = Helpers;
			sourceTree = "<group>";
		};
		AB28C85A28F2E9AB00CC0E2F /* Badges */ = {
			isa = PBXGroup;
			children = (
				AB28C86528F32DA800CC0E2F /* Badge.swift */,
				AB28C85D28F2EA2500CC0E2F /* BadgeBackground.swift */,
				AB28C86128F32CBC00CC0E2F /* BadgeSymbol.swift */,
				AB28C85B28F2E9C700CC0E2F /* HexagonParameters.swift */,
				AB28C86328F32D4400CC0E2F /* RotatedBadgeSymbol.swift */,
				ABE360F228F4314700BF3CDF /* HikeBadge.swift */,
			);
			path = Badges;
			sourceTree = "<group>";
		};
		ABB8C20028F57A34001C8C95 /* Categories */ = {
			isa = PBXGroup;
			children = (
				ABB8C20128F57A34001C8C95 /* CategoryItem.swift */,
				ABB8C20228F57A34001C8C95 /* CategoryHome.swift */,
				ABB8C20328F57A34001C8C95 /* CategoryRow.swift */,
			);
			path = Categories;
			sourceTree = "<group>";
		};
		ABE360DB28F4151500BF3CDF /* Hikes */ = {
			isa = PBXGroup;
			children = (
				ABE360DC28F4151500BF3CDF /* GraphCapsule.swift */,
				ABE360DE28F4151500BF3CDF /* HikeDetail.swift */,
				ABE360DD28F4151500BF3CDF /* HikeGraph.swift */,
				ABE360DF28F4151500BF3CDF /* HikeView.swift */,
			);
			path = Hikes;
			sourceTree = "<group>";
		};
		ABE360ED28F42F8800BF3CDF /* Profiles */ = {
			isa = PBXGroup;
			children = (
				ABE360EE28F42FA400BF3CDF /* ProfileHost.swift */,
				ABE360F028F42FF300BF3CDF /* ProfileSummary.swift */,
				ABE360F428F434F500BF3CDF /* ProfileEditor.swift */,
			);
			path = Profiles;
			sourceTree = "<group>";
		};
		ABE360F628F443EA00BF3CDF /* PageViews */ = {
			isa = PBXGroup;
			children = (
				ABE360F928F4448E00BF3CDF /* PageViewController.swift */,
				ABE360FB28F4465E00BF3CDF /* FeatureCard.swift */,
				ABE360FD28F4475500BF3CDF /* PageView.swift */,
				ABE360FF28F447F100BF3CDF /* PageControl.swift */,
			);
			path = PageViews;
			sourceTree = "<group>";
		};
/* End PBXGroup section */

/* Begin PBXNativeTarget section */
		AB28C77D28F1F12900CC0E2F /* SwiftUI_Tutorials */ = {
			isa = PBXNativeTarget;
			buildConfigurationList = AB28C7A228F1F13000CC0E2F /* Build configuration list for PBXNativeTarget "SwiftUI_Tutorials" */;
			buildPhases = (
				AB28C77A28F1F12900CC0E2F /* Sources */,
				AB28C77B28F1F12900CC0E2F /* Frameworks */,
				AB28C77C28F1F12900CC0E2F /* Resources */,
			);
			buildRules = (
			);
			dependencies = (
			);
			name = SwiftUI_Tutorials;
			productName = SwiftUI_Tutorials;
			productReference = AB28C77E28F1F12A00CC0E2F /* SwiftUI_Tutorials.app */;
			productType = "com.apple.product-type.application";
		};
		AB28C78D28F1F13000CC0E2F /* SwiftUI_TutorialsTests */ = {
			isa = PBXNativeTarget;
			buildConfigurationList = AB28C7A528F1F13000CC0E2F /* Build configuration list for PBXNativeTarget "SwiftUI_TutorialsTests" */;
			buildPhases = (
				AB28C78A28F1F13000CC0E2F /* Sources */,
				AB28C78B28F1F13000CC0E2F /* Frameworks */,
				AB28C78C28F1F13000CC0E2F /* Resources */,
			);
			buildRules = (
			);
			dependencies = (
				AB28C79028F1F13000CC0E2F /* PBXTargetDependency */,
			);
			name = SwiftUI_TutorialsTests;
			productName = SwiftUI_TutorialsTests;
			productReference = AB28C78E28F1F13000CC0E2F /* SwiftUI_TutorialsTests.xctest */;
			productType = "com.apple.product-type.bundle.unit-test";
		};
		AB28C79728F1F13000CC0E2F /* SwiftUI_TutorialsUITests */ = {
			isa = PBXNativeTarget;
			buildConfigurationList = AB28C7A828F1F13000CC0E2F /* Build configuration list for PBXNativeTarget "SwiftUI_TutorialsUITests" */;
			buildPhases = (
				AB28C79428F1F13000CC0E2F /* Sources */,
				AB28C79528F1F13000CC0E2F /* Frameworks */,
				AB28C79628F1F13000CC0E2F /* Resources */,
			);
			buildRules = (
			);
			dependencies = (
				AB28C79A28F1F13000CC0E2F /* PBXTargetDependency */,
			);
			name = SwiftUI_TutorialsUITests;
			productName = SwiftUI_TutorialsUITests;
			productReference = AB28C79828F1F13000CC0E2F /* SwiftUI_TutorialsUITests.xctest */;
			productType = "com.apple.product-type.bundle.ui-testing";
		};
/* End PBXNativeTarget section */

/* Begin PBXProject section */
		AB28C77628F1F12900CC0E2F /* Project object */ = {
			isa = PBXProject;
			attributes = {
				BuildIndependentTargetsInParallel = 1;
				LastSwiftUpdateCheck = 1340;
				LastUpgradeCheck = 1340;
				TargetAttributes = {
					AB28C77D28F1F12900CC0E2F = {
						CreatedOnToolsVersion = 13.4.1;
					};
					AB28C78D28F1F13000CC0E2F = {
						CreatedOnToolsVersion = 13.4.1;
						TestTargetID = AB28C77D28F1F12900CC0E2F;
					};
					AB28C79728F1F13000CC0E2F = {
						CreatedOnToolsVersion = 13.4.1;
						TestTargetID = AB28C77D28F1F12900CC0E2F;
					};
				};
			};
			buildConfigurationList = AB28C77928F1F12900CC0E2F /* Build configuration list for PBXProject "SwiftUI_Tutorials" */;
			compatibilityVersion = "Xcode 13.0";
			developmentRegion = en;
			hasScannedForEncodings = 0;
			knownRegions = (
				en,
				Base,
			);
			mainGroup = AB28C77528F1F12900CC0E2F;
			productRefGroup = AB28C77F28F1F12A00CC0E2F /* Products */;
			projectDirPath = "";
			projectRoot = "";
			targets = (
				AB28C77D28F1F12900CC0E2F /* SwiftUI_Tutorials */,
				AB28C78D28F1F13000CC0E2F /* SwiftUI_TutorialsTests */,
				AB28C79728F1F13000CC0E2F /* SwiftUI_TutorialsUITests */,
			);
		};
/* End PBXProject section */

/* Begin PBXResourcesBuildPhase section */
		AB28C77C28F1F12900CC0E2F /* Resources */ = {
			isa = PBXResourcesBuildPhase;
			buildActionMask = 2147483647;
			files = (
				ABE360D828F4136C00BF3CDF /* hikeData.json in Resources */,
				AB28C78928F1F12F00CC0E2F /* Preview Assets.xcassets in Resources */,
				AB28C78628F1F12F00CC0E2F /* Assets.xcassets in Resources */,
				AB28C84B28F2BEDA00CC0E2F /* landmarkData.json in Resources */,
			);
			runOnlyForDeploymentPostprocessing = 0;
		};
		AB28C78C28F1F13000CC0E2F /* Resources */ = {
			isa = PBXResourcesBuildPhase;
			buildActionMask = 2147483647;
			files = (
			);
			runOnlyForDeploymentPostprocessing = 0;
		};
		AB28C79628F1F13000CC0E2F /* Resources */ = {
			isa = PBXResourcesBuildPhase;
			buildActionMask = 2147483647;
			files = (
			);
			runOnlyForDeploymentPostprocessing = 0;
		};
/* End PBXResourcesBuildPhase section */

/* Begin PBXSourcesBuildPhase section */
		AB28C77A28F1F12900CC0E2F /* Sources */ = {
			isa = PBXSourcesBuildPhase;
			buildActionMask = 2147483647;
			files = (
				ABE360EC28F42F5800BF3CDF /* Profile.swift in Sources */,
				AB28C78428F1F12A00CC0E2F /* ContentView.swift in Sources */,
				ABB8C20628F57A34001C8C95 /* CategoryRow.swift in Sources */,
				ABE360FC28F4465E00BF3CDF /* FeatureCard.swift in Sources */,
				ABE360E128F4151500BF3CDF /* HikeGraph.swift in Sources */,
				AB28C86628F32DA800CC0E2F /* Badge.swift in Sources */,
				AB28C7AE28F1F6CF00CC0E2F /* MapView.swift in Sources */,
				ABE360E028F4151500BF3CDF /* GraphCapsule.swift in Sources */,
				AB28C84F28F2C7D900CC0E2F /* ModelData.swift in Sources */,
				ABE3610028F447F100BF3CDF /* PageControl.swift in Sources */,
				AB28C85728F2E38500CC0E2F /* FavoriteButton.swift in Sources */,
				ABE360E228F4151500BF3CDF /* HikeDetail.swift in Sources */,
				ABE360F128F42FF300BF3CDF /* ProfileSummary.swift in Sources */,
				AB28C85C28F2E9C700CC0E2F /* HexagonParameters.swift in Sources */,
				ABE360EF28F42FA400BF3CDF /* ProfileHost.swift in Sources */,
				ABE360DA28F4138F00BF3CDF /* Hike.swift in Sources */,
				AB28C86428F32D4400CC0E2F /* RotatedBadgeSymbol.swift in Sources */,
				ABE360FE28F4475500BF3CDF /* PageView.swift in Sources */,
				ABB8C20528F57A34001C8C95 /* CategoryHome.swift in Sources */,
				AB28C86228F32CBC00CC0E2F /* BadgeSymbol.swift in Sources */,
				ABE360F528F434F500BF3CDF /* ProfileEditor.swift in Sources */,
				AB28C85328F2CC6500CC0E2F /* LandmarkList.swift in Sources */,
				ABE360E328F4151500BF3CDF /* HikeView.swift in Sources */,
				AB28C85528F2D13200CC0E2F /* LandmarkDetail.swift in Sources */,
				ABE360FA28F4448E00BF3CDF /* PageViewController.swift in Sources */,
				AB28C85E28F2EA2500CC0E2F /* BadgeBackground.swift in Sources */,
				ABE360F328F4314700BF3CDF /* HikeBadge.swift in Sources */,
				AB28C78228F1F12A00CC0E2F /* SwiftUI_TutorialsApp.swift in Sources */,
				AB28C7AC28F1F3A300CC0E2F /* CircleImage.swift in Sources */,
				AB28C85128F2C97600CC0E2F /* LandmarkRow.swift in Sources */,
				ABB8C20428F57A34001C8C95 /* CategoryItem.swift in Sources */,
				AB28C84D28F2BF0000CC0E2F /* Landmark.swift in Sources */,
			);
			runOnlyForDeploymentPostprocessing = 0;
		};
		AB28C78A28F1F13000CC0E2F /* Sources */ = {
			isa = PBXSourcesBuildPhase;
			buildActionMask = 2147483647;
			files = (
				AB28C79328F1F13000CC0E2F /* SwiftUI_TutorialsTests.swift in Sources */,
			);
			runOnlyForDeploymentPostprocessing = 0;
		};
		AB28C79428F1F13000CC0E2F /* Sources */ = {
			isa = PBXSourcesBuildPhase;
			buildActionMask = 2147483647;
			files = (
				AB28C79F28F1F13000CC0E2F /* SwiftUI_TutorialsUITestsLaunchTests.swift in Sources */,
				AB28C79D28F1F13000CC0E2F /* SwiftUI_TutorialsUITests.swift in Sources */,
			);
			runOnlyForDeploymentPostprocessing = 0;
		};
/* End PBXSourcesBuildPhase section */

/* Begin PBXTargetDependency section */
		AB28C79028F1F13000CC0E2F /* PBXTargetDependency */ = {
			isa = PBXTargetDependency;
			target = AB28C77D28F1F12900CC0E2F /* SwiftUI_Tutorials */;
			targetProxy = AB28C78F28F1F13000CC0E2F /* PBXContainerItemProxy */;
		};
		AB28C79A28F1F13000CC0E2F /* PBXTargetDependency */ = {
			isa = PBXTargetDependency;
			target = AB28C77D28F1F12900CC0E2F /* SwiftUI_Tutorials */;
			targetProxy = AB28C79928F1F13000CC0E2F /* PBXContainerItemProxy */;
		};
/* End PBXTargetDependency section */

/* Begin XCBuildConfiguration section */
		AB28C7A028F1F13000CC0E2F /* Debug */ = {
			isa = XCBuildConfiguration;
			buildSettings = {
				ALWAYS_SEARCH_USER_PATHS = NO;
				CLANG_ANALYZER_NONNULL = YES;
				CLANG_ANALYZER_NUMBER_OBJECT_CONVERSION = YES_AGGRESSIVE;
				CLANG_CXX_LANGUAGE_STANDARD = "gnu++17";
				CLANG_ENABLE_MODULES = YES;
				CLANG_ENABLE_OBJC_ARC = YES;
				CLANG_ENABLE_OBJC_WEAK = YES;
				CLANG_WARN_BLOCK_CAPTURE_AUTORELEASING = YES;
				CLANG_WARN_BOOL_CONVERSION = YES;
				CLANG_WARN_COMMA = YES;
				CLANG_WARN_CONSTANT_CONVERSION = YES;
				CLANG_WARN_DEPRECATED_OBJC_IMPLEMENTATIONS = YES;
				CLANG_WARN_DIRECT_OBJC_ISA_USAGE = YES_ERROR;
				CLANG_WARN_DOCUMENTATION_COMMENTS = YES;
				CLANG_WARN_EMPTY_BODY = YES;
				CLANG_WARN_ENUM_CONVERSION = YES;
				CLANG_WARN_INFINITE_RECURSION = YES;
				CLANG_WARN_INT_CONVERSION = YES;
				CLANG_WARN_NON_LITERAL_NULL_CONVERSION = YES;
				CLANG_WARN_OBJC_IMPLICIT_RETAIN_SELF = YES;
				CLANG_WARN_OBJC_LITERAL_CONVERSION = YES;
				CLANG_WARN_OBJC_ROOT_CLASS = YES_ERROR;
				CLANG_WARN_QUOTED_INCLUDE_IN_FRAMEWORK_HEADER = YES;
				CLANG_WARN_RANGE_LOOP_ANALYSIS = YES;
				CLANG_WARN_STRICT_PROTOTYPES = YES;
				CLANG_WARN_SUSPICIOUS_MOVE = YES;
				CLANG_WARN_UNGUARDED_AVAILABILITY = YES_AGGRESSIVE;
				CLANG_WARN_UNREACHABLE_CODE = YES;
				CLANG_WARN__DUPLICATE_METHOD_MATCH = YES;
				COPY_PHASE_STRIP = NO;
				DEBUG_INFORMATION_FORMAT = dwarf;
				ENABLE_STRICT_OBJC_MSGSEND = YES;
				ENABLE_TESTABILITY = YES;
				GCC_C_LANGUAGE_STANDARD = gnu11;
				GCC_DYNAMIC_NO_PIC = NO;
				GCC_NO_COMMON_BLOCKS = YES;
				GCC_OPTIMIZATION_LEVEL = 0;
				GCC_PREPROCESSOR_DEFINITIONS = (
					"DEBUG=1",
					"$(inherited)",
				);
				GCC_WARN_64_TO_32_BIT_CONVERSION = YES;
				GCC_WARN_ABOUT_RETURN_TYPE = YES_ERROR;
				GCC_WARN_UNDECLARED_SELECTOR = YES;
				GCC_WARN_UNINITIALIZED_AUTOS = YES_AGGRESSIVE;
				GCC_WARN_UNUSED_FUNCTION = YES;
				GCC_WARN_UNUSED_VARIABLE = YES;
				IPHONEOS_DEPLOYMENT_TARGET = 15.5;
				MTL_ENABLE_DEBUG_INFO = INCLUDE_SOURCE;
				MTL_FAST_MATH = YES;
				ONLY_ACTIVE_ARCH = YES;
				SDKROOT = iphoneos;
				SWIFT_ACTIVE_COMPILATION_CONDITIONS = DEBUG;
				SWIFT_OPTIMIZATION_LEVEL = "-Onone";
			};
			name = Debug;
		};
		AB28C7A128F1F13000CC0E2F /* Release */ = {
			isa = XCBuildConfiguration;
			buildSettings = {
				ALWAYS_SEARCH_USER_PATHS = NO;
				CLANG_ANALYZER_NONNULL = YES;
				CLANG_ANALYZER_NUMBER_OBJECT_CONVERSION = YES_AGGRESSIVE;
				CLANG_CXX_LANGUAGE_STANDARD = "gnu++17";
				CLANG_ENABLE_MODULES = YES;
				CLANG_ENABLE_OBJC_ARC = YES;
				CLANG_ENABLE_OBJC_WEAK = YES;
				CLANG_WARN_BLOCK_CAPTURE_AUTORELEASING = YES;
				CLANG_WARN_BOOL_CONVERSION = YES;
				CLANG_WARN_COMMA = YES;
				CLANG_WARN_CONSTANT_CONVERSION = YES;
				CLANG_WARN_DEPRECATED_OBJC_IMPLEMENTATIONS = YES;
				CLANG_WARN_DIRECT_OBJC_ISA_USAGE = YES_ERROR;
				CLANG_WARN_DOCUMENTATION_COMMENTS = YES;
				CLANG_WARN_EMPTY_BODY = YES;
				CLANG_WARN_ENUM_CONVERSION = YES;
				CLANG_WARN_INFINITE_RECURSION = YES;
				CLANG_WARN_INT_CONVERSION = YES;
				CLANG_WARN_NON_LITERAL_NULL_CONVERSION = YES;
				CLANG_WARN_OBJC_IMPLICIT_RETAIN_SELF = YES;
				CLANG_WARN_OBJC_LITERAL_CONVERSION = YES;
				CLANG_WARN_OBJC_ROOT_CLASS = YES_ERROR;
				CLANG_WARN_QUOTED_INCLUDE_IN_FRAMEWORK_HEADER = YES;
				CLANG_WARN_RANGE_LOOP_ANALYSIS = YES;
				CLANG_WARN_STRICT_PROTOTYPES = YES;
				CLANG_WARN_SUSPICIOUS_MOVE = YES;
				CLANG_WARN_UNGUARDED_AVAILABILITY = YES_AGGRESSIVE;
				CLANG_WARN_UNREACHABLE_CODE = YES;
				CLANG_WARN__DUPLICATE_METHOD_MATCH = YES;
				COPY_PHASE_STRIP = NO;
				DEBUG_INFORMATION_FORMAT = "dwarf-with-dsym";
				ENABLE_NS_ASSERTIONS = NO;
				ENABLE_STRICT_OBJC_MSGSEND = YES;
				GCC_C_LANGUAGE_STANDARD = gnu11;
				GCC_NO_COMMON_BLOCKS = YES;
				GCC_WARN_64_TO_32_BIT_CONVERSION = YES;
				GCC_WARN_ABOUT_RETURN_TYPE = YES_ERROR;
				GCC_WARN_UNDECLARED_SELECTOR = YES;
				GCC_WARN_UNINITIALIZED_AUTOS = YES_AGGRESSIVE;
				GCC_WARN_UNUSED_FUNCTION = YES;
				GCC_WARN_UNUSED_VARIABLE = YES;
				IPHONEOS_DEPLOYMENT_TARGET = 15.5;
				MTL_ENABLE_DEBUG_INFO = NO;
				MTL_FAST_MATH = YES;
				SDKROOT = iphoneos;
				SWIFT_COMPILATION_MODE = wholemodule;
				SWIFT_OPTIMIZATION_LEVEL = "-O";
				VALIDATE_PRODUCT = YES;
			};
			name = Release;
		};
		AB28C7A328F1F13000CC0E2F /* Debug */ = {
			isa = XCBuildConfiguration;
			buildSettings = {
				ASSETCATALOG_COMPILER_APPICON_NAME = AppIcon;
				ASSETCATALOG_COMPILER_GLOBAL_ACCENT_COLOR_NAME = AccentColor;
				CODE_SIGN_STYLE = Automatic;
				CURRENT_PROJECT_VERSION = 1;
				DEVELOPMENT_ASSET_PATHS = "\"SwiftUI_Tutorials/Preview Content\"";
				DEVELOPMENT_TEAM = AMZ95B7UPS;
				ENABLE_PREVIEWS = YES;
				GENERATE_INFOPLIST_FILE = YES;
				INFOPLIST_KEY_UIApplicationSceneManifest_Generation = YES;
				INFOPLIST_KEY_UIApplicationSupportsIndirectInputEvents = YES;
				INFOPLIST_KEY_UILaunchScreen_Generation = YES;
				INFOPLIST_KEY_UISupportedInterfaceOrientations = "UIInterfaceOrientationPortrait UIInterfaceOrientationLandscapeLeft UIInterfaceOrientationLandscapeRight";
				INFOPLIST_KEY_UISupportedInterfaceOrientations_iPad = "UIInterfaceOrientationPortrait UIInterfaceOrientationPortraitUpsideDown UIInterfaceOrientationLandscapeLeft UIInterfaceOrientationLandscapeRight";
				INFOPLIST_KEY_UISupportedInterfaceOrientations_iPhone = "UIInterfaceOrientationPortrait UIInterfaceOrientationLandscapeLeft UIInterfaceOrientationLandscapeRight";
				LD_RUNPATH_SEARCH_PATHS = (
					"$(inherited)",
					"@executable_path/Frameworks",
				);
				MARKETING_VERSION = 1.0;
				PRODUCT_BUNDLE_IDENTIFIER = "com.tuannguyen.SwiftUI-Tutorials";
				PRODUCT_NAME = "$(TARGET_NAME)";
				SWIFT_EMIT_LOC_STRINGS = YES;
				SWIFT_VERSION = 5.0;
				TARGETED_DEVICE_FAMILY = "1,2";
			};
			name = Debug;
		};
		AB28C7A428F1F13000CC0E2F /* Release */ = {
			isa = XCBuildConfiguration;
			buildSettings = {
				ASSETCATALOG_COMPILER_APPICON_NAME = AppIcon;
				ASSETCATALOG_COMPILER_GLOBAL_ACCENT_COLOR_NAME = AccentColor;
				CODE_SIGN_STYLE = Automatic;
				CURRENT_PROJECT_VERSION = 1;
				DEVELOPMENT_ASSET_PATHS = "\"SwiftUI_Tutorials/Preview Content\"";
				DEVELOPMENT_TEAM = AMZ95B7UPS;
				ENABLE_PREVIEWS = YES;
				GENERATE_INFOPLIST_FILE = YES;
				INFOPLIST_KEY_UIApplicationSceneManifest_Generation = YES;
				INFOPLIST_KEY_UIApplicationSupportsIndirectInputEvents = YES;
				INFOPLIST_KEY_UILaunchScreen_Generation = YES;
				INFOPLIST_KEY_UISupportedInterfaceOrientations = "UIInterfaceOrientationPortrait UIInterfaceOrientationLandscapeLeft UIInterfaceOrientationLandscapeRight";
				INFOPLIST_KEY_UISupportedInterfaceOrientations_iPad = "UIInterfaceOrientationPortrait UIInterfaceOrientationPortraitUpsideDown UIInterfaceOrientationLandscapeLeft UIInterfaceOrientationLandscapeRight";
				INFOPLIST_KEY_UISupportedInterfaceOrientations_iPhone = "UIInterfaceOrientationPortrait UIInterfaceOrientationLandscapeLeft UIInterfaceOrientationLandscapeRight";
				LD_RUNPATH_SEARCH_PATHS = (
					"$(inherited)",
					"@executable_path/Frameworks",
				);
				MARKETING_VERSION = 1.0;
				PRODUCT_BUNDLE_IDENTIFIER = "com.tuannguyen.SwiftUI-Tutorials";
				PRODUCT_NAME = "$(TARGET_NAME)";
				SWIFT_EMIT_LOC_STRINGS = YES;
				SWIFT_VERSION = 5.0;
				TARGETED_DEVICE_FAMILY = "1,2";
			};
			name = Release;
		};
		AB28C7A628F1F13000CC0E2F /* Debug */ = {
			isa = XCBuildConfiguration;
			buildSettings = {
				ALWAYS_EMBED_SWIFT_STANDARD_LIBRARIES = YES;
				BUNDLE_LOADER = "$(TEST_HOST)";
				CODE_SIGN_STYLE = Automatic;
				CURRENT_PROJECT_VERSION = 1;
				DEVELOPMENT_TEAM = AMZ95B7UPS;
				GENERATE_INFOPLIST_FILE = YES;
				IPHONEOS_DEPLOYMENT_TARGET = 15.5;
				MARKETING_VERSION = 1.0;
				PRODUCT_BUNDLE_IDENTIFIER = "com.tuannguyen.SwiftUI-TutorialsTests";
				PRODUCT_NAME = "$(TARGET_NAME)";
				SWIFT_EMIT_LOC_STRINGS = NO;
				SWIFT_VERSION = 5.0;
				TARGETED_DEVICE_FAMILY = "1,2";
				TEST_HOST = "$(BUILT_PRODUCTS_DIR)/SwiftUI_Tutorials.app/SwiftUI_Tutorials";
			};
			name = Debug;
		};
		AB28C7A728F1F13000CC0E2F /* Release */ = {
			isa = XCBuildConfiguration;
			buildSettings = {
				ALWAYS_EMBED_SWIFT_STANDARD_LIBRARIES = YES;
				BUNDLE_LOADER = "$(TEST_HOST)";
				CODE_SIGN_STYLE = Automatic;
				CURRENT_PROJECT_VERSION = 1;
				DEVELOPMENT_TEAM = AMZ95B7UPS;
				GENERATE_INFOPLIST_FILE = YES;
				IPHONEOS_DEPLOYMENT_TARGET = 15.5;
				MARKETING_VERSION = 1.0;
				PRODUCT_BUNDLE_IDENTIFIER = "com.tuannguyen.SwiftUI-TutorialsTests";
				PRODUCT_NAME = "$(TARGET_NAME)";
				SWIFT_EMIT_LOC_STRINGS = NO;
				SWIFT_VERSION = 5.0;
				TARGETED_DEVICE_FAMILY = "1,2";
				TEST_HOST = "$(BUILT_PRODUCTS_DIR)/SwiftUI_Tutorials.app/SwiftUI_Tutorials";
			};
			name = Release;
		};
		AB28C7A928F1F13000CC0E2F /* Debug */ = {
			isa = XCBuildConfiguration;
			buildSettings = {
				ALWAYS_EMBED_SWIFT_STANDARD_LIBRARIES = YES;
				CODE_SIGN_STYLE = Automatic;
				CURRENT_PROJECT_VERSION = 1;
				DEVELOPMENT_TEAM = AMZ95B7UPS;
				GENERATE_INFOPLIST_FILE = YES;
				MARKETING_VERSION = 1.0;
				PRODUCT_BUNDLE_IDENTIFIER = "com.tuannguyen.SwiftUI-TutorialsUITests";
				PRODUCT_NAME = "$(TARGET_NAME)";
				SWIFT_EMIT_LOC_STRINGS = NO;
				SWIFT_VERSION = 5.0;
				TARGETED_DEVICE_FAMILY = "1,2";
				TEST_TARGET_NAME = SwiftUI_Tutorials;
			};
			name = Debug;
		};
		AB28C7AA28F1F13000CC0E2F /* Release */ = {
			isa = XCBuildConfiguration;
			buildSettings = {
				ALWAYS_EMBED_SWIFT_STANDARD_LIBRARIES = YES;
				CODE_SIGN_STYLE = Automatic;
				CURRENT_PROJECT_VERSION = 1;
				DEVELOPMENT_TEAM = AMZ95B7UPS;
				GENERATE_INFOPLIST_FILE = YES;
				MARKETING_VERSION = 1.0;
				PRODUCT_BUNDLE_IDENTIFIER = "com.tuannguyen.SwiftUI-TutorialsUITests";
				PRODUCT_NAME = "$(TARGET_NAME)";
				SWIFT_EMIT_LOC_STRINGS = NO;
				SWIFT_VERSION = 5.0;
				TARGETED_DEVICE_FAMILY = "1,2";
				TEST_TARGET_NAME = SwiftUI_Tutorials;
			};
			name = Release;
		};
/* End XCBuildConfiguration section */

/* Begin XCConfigurationList section */
		AB28C77928F1F12900CC0E2F /* Build configuration list for PBXProject "SwiftUI_Tutorials" */ = {
			isa = XCConfigurationList;
			buildConfigurations = (
				AB28C7A028F1F13000CC0E2F /* Debug */,
				AB28C7A128F1F13000CC0E2F /* Release */,
			);
			defaultConfigurationIsVisible = 0;
			defaultConfigurationName = Release;
		};
		AB28C7A228F1F13000CC0E2F /* Build configuration list for PBXNativeTarget "SwiftUI_Tutorials" */ = {
			isa = XCConfigurationList;
			buildConfigurations = (
				AB28C7A328F1F13000CC0E2F /* Debug */,
				AB28C7A428F1F13000CC0E2F /* Release */,
			);
			defaultConfigurationIsVisible = 0;
			defaultConfigurationName = Release;
		};
		AB28C7A528F1F13000CC0E2F /* Build configuration list for PBXNativeTarget "SwiftUI_TutorialsTests" */ = {
			isa = XCConfigurationList;
			buildConfigurations = (
				AB28C7A628F1F13000CC0E2F /* Debug */,
				AB28C7A728F1F13000CC0E2F /* Release */,
			);
			defaultConfigurationIsVisible = 0;
			defaultConfigurationName = Release;
		};
		AB28C7A828F1F13000CC0E2F /* Build configuration list for PBXNativeTarget "SwiftUI_TutorialsUITests" */ = {
			isa = XCConfigurationList;
			buildConfigurations = (
				AB28C7A928F1F13000CC0E2F /* Debug */,
				AB28C7AA28F1F13000CC0E2F /* Release */,
			);
			defaultConfigurationIsVisible = 0;
			defaultConfigurationName = Release;
		};
/* End XCConfigurationList section */
	};
	rootObject = AB28C77628F1F12900CC0E2F /* Project object */;
}
