// !$*UTF8*$!
{
	archiveVersion = 1;
	classes = {
	};
	objectVersion = 55;
	objects = {

/* Begin PBXBuildFile section */
		AB28C78228F1F12A00CC0E2F /* SwiftUI_TutorialsApp.swift in Sources */ = {isa = PBXBuildFile; fileRef = AB28C78128F1F12A00CC0E2F /* SwiftUI_TutorialsApp.swift */; };
		AB28C78428F1F12A00CC0E2F /* ContentView.swift in Sources */ = {isa = PBXBuildFile; fileRef = AB28C78328F1F12A00CC0E2F /* ContentView.swift */; };
		AB28C78628F1F12F00CC0E2F /* Assets.xcassets in Resources */ = {isa = PBXBuildFile; fileRef = AB28C78528F1F12F00CC0E2F /* Assets.xcassets */; };
		AB28C78928F1F12F00CC0E2F /* Preview Assets.xcassets in Resources */ = {isa = PBXBuildFile; fileRef = AB28C78828F1F12F00CC0E2F /* Preview Assets.xcassets */; };
		AB28C79328F1F13000CC0E2F /* SwiftUI_TutorialsTests.swift in Sources */ = {isa = PBXBuildFile; fileRef = AB28C79228F1F13000CC0E2F /* SwiftUI_TutorialsTests.swift */; };
		AB28C79D28F1F13000CC0E2F /* SwiftUI_TutorialsUITests.swift in Sources */ = {isa = PBXBuildFile; fileRef = AB28C79C28F1F13000CC0E2F /* SwiftUI_TutorialsUITests.swift */; };
		AB28C79F28F1F13000CC0E2F /* SwiftUI_TutorialsUITestsLaunchTests.swift in Sources */ = {isa = PBXBuildFile; fileRef = AB28C79E28F1F13000CC0E2F /* SwiftUI_TutorialsUITestsLaunchTests.swift */; };
/* End PBXBuildFile section */

/* Begin PBXContainerItemProxy section */
		AB28C78F28F1F13000CC0E2F /* PBXContainerItemProxy */ = {
			isa = PBXContainerItemProxy;
			containerPortal = AB28C77628F1F12900CC0E2F /* Project object */;
			proxyType = 1;
			remoteGlobalIDString = AB28C77D28F1F12900CC0E2F;
			remoteInfo = SwiftUI_Tutorials;
		};
		AB28C79928F1F13000CC0E2F /* PBXContainerItemProxy */ = {
			isa = PBXContainerItemProxy;
			containerPortal = AB28C77628F1F12900CC0E2F /* Project object */;
			proxyType = 1;
			remoteGlobalIDString = AB28C77D28F1F12900CC0E2F;
			remoteInfo = SwiftUI_Tutorials;
		};
/* End PBXContainerItemProxy section */

/* Begin PBXFileReference section */
		AB28C77E28F1F12A00CC0E2F /* SwiftUI_Tutorials.app */ = {isa = PBXFileReference; explicitFileType = wrapper.application; includeInIndex = 0; path = SwiftUI_Tutorials.app; sourceTree = BUILT_PRODUCTS_DIR; };
		AB28C78128F1F12A00CC0E2F /* SwiftUI_TutorialsApp.swift */ = {isa = PBXFileReference; lastKnownFileType = sourcecode.swift; path = SwiftUI_TutorialsApp.swift; sourceTree = "<group>"; };
		AB28C78328F1F12A00CC0E2F /* ContentView.swift */ = {isa = PBXFileReference; lastKnownFileType = sourcecode.swift; path = ContentView.swift; sourceTree = "<group>"; };
		AB28C78528F1F12F00CC0E2F /* Assets.xcassets */ = {isa = PBXFileReference; lastKnownFileType = folder.assetcatalog; path = Assets.xcassets; sourceTree = "<group>"; };
		AB28C78828F1F12F00CC0E2F /* Preview Assets.xcassets */ = {isa = PBXFileReference; lastKnownFileType = folder.assetcatalog; path = "Preview Assets.xcassets"; sourceTree = "<group>"; };
		AB28C78E28F1F13000CC0E2F /* SwiftUI_TutorialsTests.xctest */ = {isa = PBXFileReference; explicitFileType = wrapper.cfbundle; includeInIndex = 0; path = SwiftUI_TutorialsTests.xctest; sourceTree = BUILT_PRODUCTS_DIR; };
		AB28C79228F1F13000CC0E2F /* SwiftUI_TutorialsTests.swift */ = {isa = PBXFileReference; lastKnownFileType = sourcecode.swift; path = SwiftUI_TutorialsTests.swift; sourceTree = "<group>"; };
		AB28C79828F1F13000CC0E2F /* SwiftUI_TutorialsUITests.xctest */ = {isa = PBXFileReference; explicitFileType = wrapper.cfbundle; includeInIndex = 0; path = SwiftUI_TutorialsUITests.xctest; sourceTree = BUILT_PRODUCTS_DIR; };
		AB28C79C28F1F13000CC0E2F /* SwiftUI_TutorialsUITests.swift */ = {isa = PBXFileReference; lastKnownFileType = sourcecode.swift; path = SwiftUI_TutorialsUITests.swift; sourceTree = "<group>"; };
		AB28C79E28F1F13000CC0E2F /* SwiftUI_TutorialsUITestsLaunchTests.swift */ = {isa = PBXFileReference; lastKnownFileType = sourcecode.swift; path = SwiftUI_TutorialsUITestsLaunchTests.swift; sourceTree = "<group>"; };
/* End PBXFileReference section */

/* Begin PBXFrameworksBuildPhase section */
		AB28C77B28F1F12900CC0E2F /* Frameworks */ = {
			isa = PBXFrameworksBuildPhase;
			buildActionMask = 2147483647;
			files = (
			);
			runOnlyForDeploymentPostprocessing = 0;
		};
		AB28C78B28F1F13000CC0E2F /* Frameworks */ = {
			isa = PBXFrameworksBuildPhase;
			buildActionMask = 2147483647;
			files = (
			);
			runOnlyForDeploymentPostprocessing = 0;
		};
		AB28C79528F1F13000CC0E2F /* Frameworks */ = {
			isa = PBXFrameworksBuildPhase;
			buildActionMask = 2147483647;
			files = (
			);
			runOnlyForDeploymentPostprocessing = 0;
		};
/* End PBXFrameworksBuildPhase section */

/* Begin PBXGroup section */
		AB28C77528F1F12900CC0E2F = {
			isa = PBXGroup;
			children = (
				AB28C78028F1F12A00CC0E2F /* SwiftUI_Tutorials */,
				AB28C79128F1F13000CC0E2F /* SwiftUI_TutorialsTests */,
				AB28C79B28F1F13000CC0E2F /* SwiftUI_TutorialsUITests */,
				AB28C77F28F1F12A00CC0E2F /* Products */,
			);
			sourceTree = "<group>";
		};
		AB28C77F28F1F12A00CC0E2F /* Products */ = {
			isa = PBXGroup;
			children = (
				AB28C77E28F1F12A00CC0E2F /* SwiftUI_Tutorials.app */,
				AB28C78E28F1F13000CC0E2F /* SwiftUI_TutorialsTests.xctest */,
				AB28C79828F1F13000CC0E2F /* SwiftUI_TutorialsUITests.xctest */,
			);
			name = Products;
			sourceTree = "<group>";
		};
		AB28C78028F1F12A00CC0E2F /* SwiftUI_Tutorials */ = {
			isa = PBXGroup;
			children = (
				AB28C78128F1F12A00CC0E2F /* SwiftUI_TutorialsApp.swift */,
				AB28C78328F1F12A00CC0E2F /* ContentView.swift */,
				AB28C78528F1F12F00CC0E2F /* Assets.xcassets */,
				AB28C78728F1F12F00CC0E2F /* Preview Content */,
			);
			path = SwiftUI_Tutorials;
			sourceTree = "<group>";
		};
		AB28C78728F1F12F00CC0E2F /* Preview Content */ = {
			isa = PBXGroup;
			children = (
				AB28C78828F1F12F00CC0E2F /* Preview Assets.xcassets */,
			);
			path = "Preview Content";
			sourceTree = "<group>";
		};
		AB28C79128F1F13000CC0E2F /* SwiftUI_TutorialsTests */ = {
			isa = PBXGroup;
			children = (
				AB28C79228F1F13000CC0E2F /* SwiftUI_TutorialsTests.swift */,
			);
			path = SwiftUI_TutorialsTests;
			sourceTree = "<group>";
		};
		AB28C79B28F1F13000CC0E2F /* SwiftUI_TutorialsUITests */ = {
			isa = PBXGroup;
			children = (
				AB28C79C28F1F13000CC0E2F /* SwiftUI_TutorialsUITests.swift */,
				AB28C79E28F1F13000CC0E2F /* SwiftUI_TutorialsUITestsLaunchTests.swift */,
			);
			path = SwiftUI_TutorialsUITests;
			sourceTree = "<group>";
		};
/* End PBXGroup section */

/* Begin PBXNativeTarget section */
		AB28C77D28F1F12900CC0E2F /* SwiftUI_Tutorials */ = {
			isa = PBXNativeTarget;
			buildConfigurationList = AB28C7A228F1F13000CC0E2F /* Build configuration list for PBXNativeTarget "SwiftUI_Tutorials" */;
			buildPhases = (
				AB28C77A28F1F12900CC0E2F /* Sources */,
				AB28C77B28F1F12900CC0E2F /* Frameworks */,
				AB28C77C28F1F12900CC0E2F /* Resources */,
			);
			buildRules = (
			);
			dependencies = (
			);
			name = SwiftUI_Tutorials;
			productName = SwiftUI_Tutorials;
			productReference = AB28C77E28F1F12A00CC0E2F /* SwiftUI_Tutorials.app */;
			productType = "com.apple.product-type.application";
		};
		AB28C78D28F1F13000CC0E2F /* SwiftUI_TutorialsTests */ = {
			isa = PBXNativeTarget;
			buildConfigurationList = AB28C7A528F1F13000CC0E2F /* Build configuration list for PBXNativeTarget "SwiftUI_TutorialsTests" */;
			buildPhases = (
				AB28C78A28F1F13000CC0E2F /* Sources */,
				AB28C78B28F1F13000CC0E2F /* Frameworks */,
				AB28C78C28F1F13000CC0E2F /* Resources */,
			);
			buildRules = (
			);
			dependencies = (
				AB28C79028F1F13000CC0E2F /* PBXTargetDependency */,
			);
			name = SwiftUI_TutorialsTests;
			productName = SwiftUI_TutorialsTests;
			productReference = AB28C78E28F1F13000CC0E2F /* SwiftUI_TutorialsTests.xctest */;
			productType = "com.apple.product-type.bundle.unit-test";
		};
		AB28C79728F1F13000CC0E2F /* SwiftUI_TutorialsUITests */ = {
			isa = PBXNativeTarget;
			buildConfigurationList = AB28C7A828F1F13000CC0E2F /* Build configuration list for PBXNativeTarget "SwiftUI_TutorialsUITests" */;
			buildPhases = (
				AB28C79428F1F13000CC0E2F /* Sources */,
				AB28C79528F1F13000CC0E2F /* Frameworks */,
				AB28C79628F1F13000CC0E2F /* Resources */,
			);
			buildRules = (
			);
			dependencies = (
				AB28C79A28F1F13000CC0E2F /* PBXTargetDependency */,
			);
			name = SwiftUI_TutorialsUITests;
			productName = SwiftUI_TutorialsUITests;
			productReference = AB28C79828F1F13000CC0E2F /* SwiftUI_TutorialsUITests.xctest */;
			productType = "com.apple.product-type.bundle.ui-testing";
		};
/* End PBXNativeTarget section */

/* Begin PBXProject section */
		AB28C77628F1F12900CC0E2F /* Project object */ = {
			isa = PBXProject;
			attributes = {
				BuildIndependentTargetsInParallel = 1;
				LastSwiftUpdateCheck = 1340;
				LastUpgradeCheck = 1340;
				TargetAttributes = {
					AB28C77D28F1F12900CC0E2F = {
						CreatedOnToolsVersion = 13.4.1;
					};
					AB28C78D28F1F13000CC0E2F = {
						CreatedOnToolsVersion = 13.4.1;
						TestTargetID = AB28C77D28F1F12900CC0E2F;
					};
					AB28C79728F1F13000CC0E2F = {
						CreatedOnToolsVersion = 13.4.1;
						TestTargetID = AB28C77D28F1F12900CC0E2F;
					};
				};
			};
			buildConfigurationList = AB28C77928F1F12900CC0E2F /* Build configuration list for PBXProject "SwiftUI_Tutorials" */;
			compatibilityVersion = "Xcode 13.0";
			developmentRegion = en;
			hasScannedForEncodings = 0;
			knownRegions = (
				en,
				Base,
			);
			mainGroup = AB28C77528F1F12900CC0E2F;
			productRefGroup = AB28C77F28F1F12A00CC0E2F /* Products */;
			projectDirPath = "";
			projectRoot = "";
			targets = (
				AB28C77D28F1F12900CC0E2F /* SwiftUI_Tutorials */,
				AB28C78D28F1F13000CC0E2F /* SwiftUI_TutorialsTests */,
				AB28C79728F1F13000CC0E2F /* SwiftUI_TutorialsUITests */,
			);
		};
/* End PBXProject section */

/* Begin PBXResourcesBuildPhase section */
		AB28C77C28F1F12900CC0E2F /* Resources */ = {
			isa = PBXResourcesBuildPhase;
			buildActionMask = 2147483647;
			files = (
				AB28C78928F1F12F00CC0E2F /* Preview Assets.xcassets in Resources */,
				AB28C78628F1F12F00CC0E2F /* Assets.xcassets in Resources */,
			);
			runOnlyForDeploymentPostprocessing = 0;
		};
		AB28C78C28F1F13000CC0E2F /* Resources */ = {
			isa = PBXResourcesBuildPhase;
			buildActionMask = 2147483647;
			files = (
			);
			runOnlyForDeploymentPostprocessing = 0;
		};
		AB28C79628F1F13000CC0E2F /* Resources */ = {
			isa = PBXResourcesBuildPhase;
			buildActionMask = 2147483647;
			files = (
			);
			runOnlyForDeploymentPostprocessing = 0;
		};
/* End PBXResourcesBuildPhase section */

/* Begin PBXSourcesBuildPhase section */
		AB28C77A28F1F12900CC0E2F /* Sources */ = {
			isa = PBXSourcesBuildPhase;
			buildActionMask = 2147483647;
			files = (
				AB28C78428F1F12A00CC0E2F /* ContentView.swift in Sources */,
				AB28C78228F1F12A00CC0E2F /* SwiftUI_TutorialsApp.swift in Sources */,
			);
			runOnlyForDeploymentPostprocessing = 0;
		};
		AB28C78A28F1F13000CC0E2F /* Sources */ = {
			isa = PBXSourcesBuildPhase;
			buildActionMask = 2147483647;
			files = (
				AB28C79328F1F13000CC0E2F /* SwiftUI_TutorialsTests.swift in Sources */,
			);
			runOnlyForDeploymentPostprocessing = 0;
		};
		AB28C79428F1F13000CC0E2F /* Sources */ = {
			isa = PBXSourcesBuildPhase;
			buildActionMask = 2147483647;
			files = (
				AB28C79F28F1F13000CC0E2F /* SwiftUI_TutorialsUITestsLaunchTests.swift in Sources */,
				AB28C79D28F1F13000CC0E2F /* SwiftUI_TutorialsUITests.swift in Sources */,
			);
			runOnlyForDeploymentPostprocessing = 0;
		};
/* End PBXSourcesBuildPhase section */

/* Begin PBXTargetDependency section */
		AB28C79028F1F13000CC0E2F /* PBXTargetDependency */ = {
			isa = PBXTargetDependency;
			target = AB28C77D28F1F12900CC0E2F /* SwiftUI_Tutorials */;
			targetProxy = AB28C78F28F1F13000CC0E2F /* PBXContainerItemProxy */;
		};
		AB28C79A28F1F13000CC0E2F /* PBXTargetDependency */ = {
			isa = PBXTargetDependency;
			target = AB28C77D28F1F12900CC0E2F /* SwiftUI_Tutorials */;
			targetProxy = AB28C79928F1F13000CC0E2F /* PBXContainerItemProxy */;
		};
/* End PBXTargetDependency section */

/* Begin XCBuildConfiguration section */
		AB28C7A028F1F13000CC0E2F /* Debug */ = {
			isa = XCBuildConfiguration;
			buildSettings = {
				ALWAYS_SEARCH_USER_PATHS = NO;
				CLANG_ANALYZER_NONNULL = YES;
				CLANG_ANALYZER_NUMBER_OBJECT_CONVERSION = YES_AGGRESSIVE;
				CLANG_CXX_LANGUAGE_STANDARD = "gnu++17";
				CLANG_ENABLE_MODULES = YES;
				CLANG_ENABLE_OBJC_ARC = YES;
				CLANG_ENABLE_OBJC_WEAK = YES;
				CLANG_WARN_BLOCK_CAPTURE_AUTORELEASING = YES;
				CLANG_WARN_BOOL_CONVERSION = YES;
				CLANG_WARN_COMMA = YES;
				CLANG_WARN_CONSTANT_CONVERSION = YES;
				CLANG_WARN_DEPRECATED_OBJC_IMPLEMENTATIONS = YES;
				CLANG_WARN_DIRECT_OBJC_ISA_USAGE = YES_ERROR;
				CLANG_WARN_DOCUMENTATION_COMMENTS = YES;
				CLANG_WARN_EMPTY_BODY = YES;
				CLANG_WARN_ENUM_CONVERSION = YES;
				CLANG_WARN_INFINITE_RECURSION = YES;
				CLANG_WARN_INT_CONVERSION = YES;
				CLANG_WARN_NON_LITERAL_NULL_CONVERSION = YES;
				CLANG_WARN_OBJC_IMPLICIT_RETAIN_SELF = YES;
				CLANG_WARN_OBJC_LITERAL_CONVERSION = YES;
				CLANG_WARN_OBJC_ROOT_CLASS = YES_ERROR;
				CLANG_WARN_QUOTED_INCLUDE_IN_FRAMEWORK_HEADER = YES;
				CLANG_WARN_RANGE_LOOP_ANALYSIS = YES;
				CLANG_WARN_STRICT_PROTOTYPES = YES;
				CLANG_WARN_SUSPICIOUS_MOVE = YES;
				CLANG_WARN_UNGUARDED_AVAILABILITY = YES_AGGRESSIVE;
				CLANG_WARN_UNREACHABLE_CODE = YES;
				CLANG_WARN__DUPLICATE_METHOD_MATCH = YES;
				COPY_PHASE_STRIP = NO;
				DEBUG_INFORMATION_FORMAT = dwarf;
				ENABLE_STRICT_OBJC_MSGSEND = YES;
				ENABLE_TESTABILITY = YES;
				GCC_C_LANGUAGE_STANDARD = gnu11;
				GCC_DYNAMIC_NO_PIC = NO;
				GCC_NO_COMMON_BLOCKS = YES;
				GCC_OPTIMIZATION_LEVEL = 0;
				GCC_PREPROCESSOR_DEFINITIONS = (
					"DEBUG=1",
					"$(inherited)",
				);
				GCC_WARN_64_TO_32_BIT_CONVERSION = YES;
				GCC_WARN_ABOUT_RETURN_TYPE = YES_ERROR;
				GCC_WARN_UNDECLARED_SELECTOR = YES;
				GCC_WARN_UNINITIALIZED_AUTOS = YES_AGGRESSIVE;
				GCC_WARN_UNUSED_FUNCTION = YES;
				GCC_WARN_UNUSED_VARIABLE = YES;
				IPHONEOS_DEPLOYMENT_TARGET = 15.5;
				MTL_ENABLE_DEBUG_INFO = INCLUDE_SOURCE;
				MTL_FAST_MATH = YES;
				ONLY_ACTIVE_ARCH = YES;
				SDKROOT = iphoneos;
				SWIFT_ACTIVE_COMPILATION_CONDITIONS = DEBUG;
				SWIFT_OPTIMIZATION_LEVEL = "-Onone";
			};
			name = Debug;
		};
		AB28C7A128F1F13000CC0E2F /* Release */ = {
			isa = XCBuildConfiguration;
			buildSettings = {
				ALWAYS_SEARCH_USER_PATHS = NO;
				CLANG_ANALYZER_NONNULL = YES;
				CLANG_ANALYZER_NUMBER_OBJECT_CONVERSION = YES_AGGRESSIVE;
				CLANG_CXX_LANGUAGE_STANDARD = "gnu++17";
				CLANG_ENABLE_MODULES = YES;
				CLANG_ENABLE_OBJC_ARC = YES;
				CLANG_ENABLE_OBJC_WEAK = YES;
				CLANG_WARN_BLOCK_CAPTURE_AUTORELEASING = YES;
				CLANG_WARN_BOOL_CONVERSION = YES;
				CLANG_WARN_COMMA = YES;
				CLANG_WARN_CONSTANT_CONVERSION = YES;
				CLANG_WARN_DEPRECATED_OBJC_IMPLEMENTATIONS = YES;
				CLANG_WARN_DIRECT_OBJC_ISA_USAGE = YES_ERROR;
				CLANG_WARN_DOCUMENTATION_COMMENTS = YES;
				CLANG_WARN_EMPTY_BODY = YES;
				CLANG_WARN_ENUM_CONVERSION = YES;
				CLANG_WARN_INFINITE_RECURSION = YES;
				CLANG_WARN_INT_CONVERSION = YES;
				CLANG_WARN_NON_LITERAL_NULL_CONVERSION = YES;
				CLANG_WARN_OBJC_IMPLICIT_RETAIN_SELF = YES;
				CLANG_WARN_OBJC_LITERAL_CONVERSION = YES;
				CLANG_WARN_OBJC_ROOT_CLASS = YES_ERROR;
				CLANG_WARN_QUOTED_INCLUDE_IN_FRAMEWORK_HEADER = YES;
				CLANG_WARN_RANGE_LOOP_ANALYSIS = YES;
				CLANG_WARN_STRICT_PROTOTYPES = YES;
				CLANG_WARN_SUSPICIOUS_MOVE = YES;
				CLANG_WARN_UNGUARDED_AVAILABILITY = YES_AGGRESSIVE;
				CLANG_WARN_UNREACHABLE_CODE = YES;
				CLANG_WARN__DUPLICATE_METHOD_MATCH = YES;
				COPY_PHASE_STRIP = NO;
				DEBUG_INFORMATION_FORMAT = "dwarf-with-dsym";
				ENABLE_NS_ASSERTIONS = NO;
				ENABLE_STRICT_OBJC_MSGSEND = YES;
				GCC_C_LANGUAGE_STANDARD = gnu11;
				GCC_NO_COMMON_BLOCKS = YES;
				GCC_WARN_64_TO_32_BIT_CONVERSION = YES;
				GCC_WARN_ABOUT_RETURN_TYPE = YES_ERROR;
				GCC_WARN_UNDECLARED_SELECTOR = YES;
				GCC_WARN_UNINITIALIZED_AUTOS = YES_AGGRESSIVE;
				GCC_WARN_UNUSED_FUNCTION = YES;
				GCC_WARN_UNUSED_VARIABLE = YES;
				IPHONEOS_DEPLOYMENT_TARGET = 15.5;
				MTL_ENABLE_DEBUG_INFO = NO;
				MTL_FAST_MATH = YES;
				SDKROOT = iphoneos;
				SWIFT_COMPILATION_MODE = wholemodule;
				SWIFT_OPTIMIZATION_LEVEL = "-O";
				VALIDATE_PRODUCT = YES;
			};
			name = Release;
		};
		AB28C7A328F1F13000CC0E2F /* Debug */ = {
			isa = XCBuildConfiguration;
			buildSettings = {
				ASSETCATALOG_COMPILER_APPICON_NAME = AppIcon;
				ASSETCATALOG_COMPILER_GLOBAL_ACCENT_COLOR_NAME = AccentColor;
				CODE_SIGN_STYLE = Automatic;
				CURRENT_PROJECT_VERSION = 1;
				DEVELOPMENT_ASSET_PATHS = "\"SwiftUI_Tutorials/Preview Content\"";
				DEVELOPMENT_TEAM = AMZ95B7UPS;
				ENABLE_PREVIEWS = YES;
				GENERATE_INFOPLIST_FILE = YES;
				INFOPLIST_KEY_UIApplicationSceneManifest_Generation = YES;
				INFOPLIST_KEY_UIApplicationSupportsIndirectInputEvents = YES;
				INFOPLIST_KEY_UILaunchScreen_Generation = YES;
				INFOPLIST_KEY_UISupportedInterfaceOrientations_iPad = "UIInterfaceOrientationPortrait UIInterfaceOrientationPortraitUpsideDown UIInterfaceOrientationLandscapeLeft UIInterfaceOrientationLandscapeRight";
				INFOPLIST_KEY_UISupportedInterfaceOrientations_iPhone = "UIInterfaceOrientationPortrait UIInterfaceOrientationLandscapeLeft UIInterfaceOrientationLandscapeRight";
				LD_RUNPATH_SEARCH_PATHS = (
					"$(inherited)",
					"@executable_path/Frameworks",
				);
				MARKETING_VERSION = 1.0;
				PRODUCT_BUNDLE_IDENTIFIER = "com.tuannguyen.SwiftUI-Tutorials";
				PRODUCT_NAME = "$(TARGET_NAME)";
				SWIFT_EMIT_LOC_STRINGS = YES;
				SWIFT_VERSION = 5.0;
				TARGETED_DEVICE_FAMILY = "1,2";
			};
			name = Debug;
		};
		AB28C7A428F1F13000CC0E2F /* Release */ = {
			isa = XCBuildConfiguration;
			buildSettings = {
				ASSETCATALOG_COMPILER_APPICON_NAME = AppIcon;
				ASSETCATALOG_COMPILER_GLOBAL_ACCENT_COLOR_NAME = AccentColor;
				CODE_SIGN_STYLE = Automatic;
				CURRENT_PROJECT_VERSION = 1;
				DEVELOPMENT_ASSET_PATHS = "\"SwiftUI_Tutorials/Preview Content\"";
				DEVELOPMENT_TEAM = AMZ95B7UPS;
				ENABLE_PREVIEWS = YES;
				GENERATE_INFOPLIST_FILE = YES;
				INFOPLIST_KEY_UIApplicationSceneManifest_Generation = YES;
				INFOPLIST_KEY_UIApplicationSupportsIndirectInputEvents = YES;
				INFOPLIST_KEY_UILaunchScreen_Generation = YES;
				INFOPLIST_KEY_UISupportedInterfaceOrientations_iPad = "UIInterfaceOrientationPortrait UIInterfaceOrientationPortraitUpsideDown UIInterfaceOrientationLandscapeLeft UIInterfaceOrientationLandscapeRight";
				INFOPLIST_KEY_UISupportedInterfaceOrientations_iPhone = "UIInterfaceOrientationPortrait UIInterfaceOrientationLandscapeLeft UIInterfaceOrientationLandscapeRight";
				LD_RUNPATH_SEARCH_PATHS = (
					"$(inherited)",
					"@executable_path/Frameworks",
				);
				MARKETING_VERSION = 1.0;
				PRODUCT_BUNDLE_IDENTIFIER = "com.tuannguyen.SwiftUI-Tutorials";
				PRODUCT_NAME = "$(TARGET_NAME)";
				SWIFT_EMIT_LOC_STRINGS = YES;
				SWIFT_VERSION = 5.0;
				TARGETED_DEVICE_FAMILY = "1,2";
			};
			name = Release;
		};
		AB28C7A628F1F13000CC0E2F /* Debug */ = {
			isa = XCBuildConfiguration;
			buildSettings = {
				ALWAYS_EMBED_SWIFT_STANDARD_LIBRARIES = YES;
				BUNDLE_LOADER = "$(TEST_HOST)";
				CODE_SIGN_STYLE = Automatic;
				CURRENT_PROJECT_VERSION = 1;
				DEVELOPMENT_TEAM = AMZ95B7UPS;
				GENERATE_INFOPLIST_FILE = YES;
				IPHONEOS_DEPLOYMENT_TARGET = 15.5;
				MARKETING_VERSION = 1.0;
				PRODUCT_BUNDLE_IDENTIFIER = "com.tuannguyen.SwiftUI-TutorialsTests";
				PRODUCT_NAME = "$(TARGET_NAME)";
				SWIFT_EMIT_LOC_STRINGS = NO;
				SWIFT_VERSION = 5.0;
				TARGETED_DEVICE_FAMILY = "1,2";
				TEST_HOST = "$(BUILT_PRODUCTS_DIR)/SwiftUI_Tutorials.app/SwiftUI_Tutorials";
			};
			name = Debug;
		};
		AB28C7A728F1F13000CC0E2F /* Release */ = {
			isa = XCBuildConfiguration;
			buildSettings = {
				ALWAYS_EMBED_SWIFT_STANDARD_LIBRARIES = YES;
				BUNDLE_LOADER = "$(TEST_HOST)";
				CODE_SIGN_STYLE = Automatic;
				CURRENT_PROJECT_VERSION = 1;
				DEVELOPMENT_TEAM = AMZ95B7UPS;
				GENERATE_INFOPLIST_FILE = YES;
				IPHONEOS_DEPLOYMENT_TARGET = 15.5;
				MARKETING_VERSION = 1.0;
				PRODUCT_BUNDLE_IDENTIFIER = "com.tuannguyen.SwiftUI-TutorialsTests";
				PRODUCT_NAME = "$(TARGET_NAME)";
				SWIFT_EMIT_LOC_STRINGS = NO;
				SWIFT_VERSION = 5.0;
				TARGETED_DEVICE_FAMILY = "1,2";
				TEST_HOST = "$(BUILT_PRODUCTS_DIR)/SwiftUI_Tutorials.app/SwiftUI_Tutorials";
			};
			name = Release;
		};
		AB28C7A928F1F13000CC0E2F /* Debug */ = {
			isa = XCBuildConfiguration;
			buildSettings = {
				ALWAYS_EMBED_SWIFT_STANDARD_LIBRARIES = YES;
				CODE_SIGN_STYLE = Automatic;
				CURRENT_PROJECT_VERSION = 1;
				DEVELOPMENT_TEAM = AMZ95B7UPS;
				GENERATE_INFOPLIST_FILE = YES;
				MARKETING_VERSION = 1.0;
				PRODUCT_BUNDLE_IDENTIFIER = "com.tuannguyen.SwiftUI-TutorialsUITests";
				PRODUCT_NAME = "$(TARGET_NAME)";
				SWIFT_EMIT_LOC_STRINGS = NO;
				SWIFT_VERSION = 5.0;
				TARGETED_DEVICE_FAMILY = "1,2";
				TEST_TARGET_NAME = SwiftUI_Tutorials;
			};
			name = Debug;
		};
		AB28C7AA28F1F13000CC0E2F /* Release */ = {
			isa = XCBuildConfiguration;
			buildSettings = {
				ALWAYS_EMBED_SWIFT_STANDARD_LIBRARIES = YES;
				CODE_SIGN_STYLE = Automatic;
				CURRENT_PROJECT_VERSION = 1;
				DEVELOPMENT_TEAM = AMZ95B7UPS;
				GENERATE_INFOPLIST_FILE = YES;
				MARKETING_VERSION = 1.0;
				PRODUCT_BUNDLE_IDENTIFIER = "com.tuannguyen.SwiftUI-TutorialsUITests";
				PRODUCT_NAME = "$(TARGET_NAME)";
				SWIFT_EMIT_LOC_STRINGS = NO;
				SWIFT_VERSION = 5.0;
				TARGETED_DEVICE_FAMILY = "1,2";
				TEST_TARGET_NAME = SwiftUI_Tutorials;
			};
			name = Release;
		};
/* End XCBuildConfiguration section */

/* Begin XCConfigurationList section */
		AB28C77928F1F12900CC0E2F /* Build configuration list for PBXProject "SwiftUI_Tutorials" */ = {
			isa = XCConfigurationList;
			buildConfigurations = (
				AB28C7A028F1F13000CC0E2F /* Debug */,
				AB28C7A128F1F13000CC0E2F /* Release */,
			);
			defaultConfigurationIsVisible = 0;
			defaultConfigurationName = Release;
		};
		AB28C7A228F1F13000CC0E2F /* Build configuration list for PBXNativeTarget "SwiftUI_Tutorials" */ = {
			isa = XCConfigurationList;
			buildConfigurations = (
				AB28C7A328F1F13000CC0E2F /* Debug */,
				AB28C7A428F1F13000CC0E2F /* Release */,
			);
			defaultConfigurationIsVisible = 0;
			defaultConfigurationName = Release;
		};
		AB28C7A528F1F13000CC0E2F /* Build configuration list for PBXNativeTarget "SwiftUI_TutorialsTests" */ = {
			isa = XCConfigurationList;
			buildConfigurations = (
				AB28C7A628F1F13000CC0E2F /* Debug */,
				AB28C7A728F1F13000CC0E2F /* Release */,
			);
			defaultConfigurationIsVisible = 0;
			defaultConfigurationName = Release;
		};
		AB28C7A828F1F13000CC0E2F /* Build configuration list for PBXNativeTarget "SwiftUI_TutorialsUITests" */ = {
			isa = XCConfigurationList;
			buildConfigurations = (
				AB28C7A928F1F13000CC0E2F /* Debug */,
				AB28C7AA28F1F13000CC0E2F /* Release */,
			);
			defaultConfigurationIsVisible = 0;
			defaultConfigurationName = Release;
		};
/* End XCConfigurationList section */
	};
	rootObject = AB28C77628F1F12900CC0E2F /* Project object */;
}
